
Microsoft Visual Studio Solution File, Format Version 12.00
# Visual Studio Version 17
VisualStudioVersion = 17.9.34728.123
MinimumVisualStudioVersion = 10.0.40219.1
Project("{2150E333-8FDC-42A3-9474-1A3956D46DE8}") = "View", "View", "{F2ECC274-9D89-47BC-923F-4C38920F9D2F}"
EndProject
Project("{9A19103F-16F7-4668-BE54-9A1E7A4F7556}") = "DailyStatistics.API", "View\DailyStatistics.API\DailyStatistics.API.csproj", "{B100E5F5-DC86-401A-B2BE-09CEDA401F54}"
EndProject
Project("{9A19103F-16F7-4668-BE54-9A1E7A4F7556}") = "DailyStatistics.Application", "DailyStatistics.Application\DailyStatistics.Application.csproj", "{C2F4699F-37EC-4D01-A472-9CC87A3BB39F}"
EndProject
Project("{9A19103F-16F7-4668-BE54-9A1E7A4F7556}") = "DailyStatistics.Persistence", "DailyStatistics.Persistence\DailyStatistics.Persistence.csproj", "{E7446162-A86B-460E-A695-E5127B256C3B}"
EndProject
Project("{2150E333-8FDC-42A3-9474-1A3956D46DE8}") = "Tests", "Tests", "{A68C75CA-6627-486C-B431-3D099A5A3112}"
EndProject
Project("{FAE04EC0-301F-11D3-BF4B-00C04F79EFBC}") = "DailyStatistics.Application.Tests", "Tests\DailyStatistics.Application.Tests\DailyStatistics.Application.Tests.csproj", "{EAD80803-15A6-4386-B51C-525A9742C6E7}"
EndProject
Global
	GlobalSection(SolutionConfigurationPlatforms) = preSolution
		Debug|Any CPU = Debug|Any CPU
		Release|Any CPU = Release|Any CPU
	EndGlobalSection
	GlobalSection(ProjectConfigurationPlatforms) = postSolution
		{B100E5F5-DC86-401A-B2BE-09CEDA401F54}.Debug|Any CPU.ActiveCfg = Debug|Any CPU
		{B100E5F5-DC86-401A-B2BE-09CEDA401F54}.Debug|Any CPU.Build.0 = Debug|Any CPU
		{B100E5F5-DC86-401A-B2BE-09CEDA401F54}.Release|Any CPU.ActiveCfg = Release|Any CPU
		{B100E5F5-DC86-401A-B2BE-09CEDA401F54}.Release|Any CPU.Build.0 = Release|Any CPU
		{C2F4699F-37EC-4D01-A472-9CC87A3BB39F}.Debug|Any CPU.ActiveCfg = Debug|Any CPU
		{C2F4699F-37EC-4D01-A472-9CC87A3BB39F}.Debug|Any CPU.Build.0 = Debug|Any CPU
		{C2F4699F-37EC-4D01-A472-9CC87A3BB39F}.Release|Any CPU.ActiveCfg = Release|Any CPU
		{C2F4699F-37EC-4D01-A472-9CC87A3BB39F}.Release|Any CPU.Build.0 = Release|Any CPU
		{E7446162-A86B-460E-A695-E5127B256C3B}.Debug|Any CPU.ActiveCfg = Debug|Any CPU
		{E7446162-A86B-460E-A695-E5127B256C3B}.Debug|Any CPU.Build.0 = Debug|Any CPU
		{E7446162-A86B-460E-A695-E5127B256C3B}.Release|Any CPU.ActiveCfg = Release|Any CPU
		{E7446162-A86B-460E-A695-E5127B256C3B}.Release|Any CPU.Build.0 = Release|Any CPU
		{EAD80803-15A6-4386-B51C-525A9742C6E7}.Debug|Any CPU.ActiveCfg = Debug|Any CPU
		{EAD80803-15A6-4386-B51C-525A9742C6E7}.Debug|Any CPU.Build.0 = Debug|Any CPU
		{EAD80803-15A6-4386-B51C-525A9742C6E7}.Release|Any CPU.ActiveCfg = Release|Any CPU
		{EAD80803-15A6-4386-B51C-525A9742C6E7}.Release|Any CPU.Build.0 = Release|Any CPU
	EndGlobalSection
	GlobalSection(SolutionProperties) = preSolution
		HideSolutionNode = FALSE
	EndGlobalSection
	GlobalSection(NestedProjects) = preSolution
		{B100E5F5-DC86-401A-B2BE-09CEDA401F54} = {F2ECC274-9D89-47BC-923F-4C38920F9D2F}
		{EAD80803-15A6-4386-B51C-525A9742C6E7} = {A68C75CA-6627-486C-B431-3D099A5A3112}
	EndGlobalSection
	GlobalSection(ExtensibilityGlobals) = postSolution
		SolutionGuid = {5B34B257-D898-4E59-8CFA-A192293175AF}
	EndGlobalSection
EndGlobal
